
Microsoft Visual Studio Solution File, Format Version 12.00
# Visual Studio Version 17
VisualStudioVersion = 17.0.31919.166
MinimumVisualStudioVersion = 10.0.40219.1
Project("{9A19103F-16F7-4668-BE54-9A1E7A4F7556}") = "PP.Domain", "PP.Domain.csproj", "{D58290B6-A97B-4363-A639-4100FB6733D0}"
EndProject
Project("{9A19103F-16F7-4668-BE54-9A1E7A4F7556}") = "PP.UI", "..\PP.UI\PP.UI.csproj", "{DD78F987-8B0E-491B-A01B-4FA7FC4C684E}"
EndProject
Project("{2150E333-8FDC-42A3-9474-1A3956D46DE8}") = "Solution Items", "Solution Items", "{549FB64A-4BBD-4C30-A3FF-DEA42B5C4461}"
EndProject
Global
	GlobalSection(SolutionConfigurationPlatforms) = preSolution
		Debug|Any CPU = Debug|Any CPU
		Release|Any CPU = Release|Any CPU
	EndGlobalSection
	GlobalSection(ProjectConfigurationPlatforms) = postSolution
		{D58290B6-A97B-4363-A639-4100FB6733D0}.Debug|Any CPU.ActiveCfg = Debug|Any CPU
		{D58290B6-A97B-4363-A639-4100FB6733D0}.Debug|Any CPU.Build.0 = Debug|Any CPU
		{D58290B6-A97B-4363-A639-4100FB6733D0}.Release|Any CPU.ActiveCfg = Release|Any CPU
		{D58290B6-A97B-4363-A639-4100FB6733D0}.Release|Any CPU.Build.0 = Release|Any CPU
		{DD78F987-8B0E-491B-A01B-4FA7FC4C684E}.Debug|Any CPU.ActiveCfg = Debug|Any CPU
		{DD78F987-8B0E-491B-A01B-4FA7FC4C684E}.Debug|Any CPU.Build.0 = Debug|Any CPU
		{DD78F987-8B0E-491B-A01B-4FA7FC4C684E}.Release|Any CPU.ActiveCfg = Release|Any CPU
		{DD78F987-8B0E-491B-A01B-4FA7FC4C684E}.Release|Any CPU.Build.0 = Release|Any CPU
	EndGlobalSection
	GlobalSection(SolutionProperties) = preSolution
		HideSolutionNode = FALSE
	EndGlobalSection
	GlobalSection(ExtensibilityGlobals) = postSolution
		SolutionGuid = {398808BE-D39D-4C74-A8FC-8367FC8C64A0}
	EndGlobalSection
EndGlobal
